{
  "projects": [
    {
      "projectId": "cJ1HbbDdev2TUH5UEsak1h",
      "version": "latest",
      "dependencies": {},
      "lang": "ts",
      "fileLocks": [
        {
          "type": "globalVariant",
          "assetId": "GCL-IggAdE8c",
          "checksum": "feaa30d9c7705770f6d44cdee82f2b7d"
        },
        {
          "type": "image",
          "assetId": "s7xORf4zt",
          "checksum": "29c5ad68408ac4e536dd7a36f438f19f"
        },
        {
          "type": "image",
          "assetId": "Q9TsFut7i1",
          "checksum": "e87aa732f54f7fadf367146d0aec36be"
        },
        {
          "type": "image",
          "assetId": "tVgrPL81A1",
          "checksum": "1fa4804835f9b5ed898661d33041e7d8"
        },
        {
          "type": "image",
          "assetId": "hnCdxbVeX5",
          "checksum": "47661ee56b07191370760ea39de80334"
        },
        {
          "type": "image",
          "assetId": "Y7KAIZeo0s",
          "checksum": "780438fa34103706673090e09788a669"
        },
        {
          "type": "image",
          "assetId": "JEWraEvXjj",
          "checksum": "00e1d37d7184e06b9742208a76cf55c6"
        },
        {
          "type": "image",
          "assetId": "uDPbBzM_t",
          "checksum": "f929cb904552f20efe5eb263024f13f7"
        },
        {
          "type": "image",
          "assetId": "WjrCgngpm",
          "checksum": "52986aa7819446d3e66672bf03479988"
        },
        {
          "type": "image",
          "assetId": "yFxFI_7SNm",
          "checksum": "833a7ba84014eb9c23084617158140e3"
        },
        {
          "type": "image",
          "assetId": "rPrbgyh2zI",
          "checksum": "5a59699fb33b1cced934d56c7f6c368e"
        },
        {
          "type": "image",
          "assetId": "A6jDpzzwRs",
          "checksum": "47c70aa4ba3b8d400601ea96add96a79"
        },
        {
          "type": "image",
          "assetId": "AgvJ849zFl",
          "checksum": "2cc12ba20cc51dc3893c25d516a197d0"
        },
        {
          "type": "image",
          "assetId": "gSg6MVqR1k",
          "checksum": "c2af399ba109ad2eaead527d97543bc1"
        },
        {
          "type": "image",
          "assetId": "YKMl5gmSVS",
          "checksum": "b6985dd1d373b92441c3fb7d93d50f46"
        },
        {
          "type": "image",
          "assetId": "VAs-3tsLF8F",
          "checksum": "3acd951d9c0df6184ba3b021f7d5dfeb"
        },
        {
          "type": "image",
          "assetId": "JIVyDFjMnl_",
          "checksum": "2e38d7a5cfb843421ec122fcc5f62b34"
        },
        {
          "type": "image",
          "assetId": "z9EWefyxbf7",
          "checksum": "51bbe76bdc7b7a5cfc0d895a4b279f1d"
        },
        {
          "type": "image",
          "assetId": "KaTsPeYmacg",
          "checksum": "cd95c584946e47abf23e508d47fd2c25"
        },
        {
          "type": "image",
          "assetId": "Pos4FeAqOsU",
          "checksum": "8fd3d8f78adf69682d3335afbe86ddf0"
        },
        {
          "assetId": "cJ1HbbDdev2TUH5UEsak1h",
          "type": "projectCss",
          "checksum": "b0faae78b3bdd6d51d7f31073e9603fb"
        },
        {
          "type": "renderModule",
          "assetId": "0yq8kYiONL",
          "checksum": "1edf889bf18cfbc1d6bf93ee6c304545"
        },
        {
          "type": "cssRules",
          "assetId": "0yq8kYiONL",
          "checksum": "1edf889bf18cfbc1d6bf93ee6c304545"
        },
        {
          "type": "renderModule",
          "assetId": "Rros5WUQOl",
          "checksum": "a636e468f27dfb1819ece5f505724c9a"
        },
        {
          "type": "cssRules",
          "assetId": "Rros5WUQOl",
          "checksum": "a636e468f27dfb1819ece5f505724c9a"
        },
        {
          "type": "renderModule",
          "assetId": "huz2MWCMkl",
          "checksum": "ec7796982cdfb164f080eea83f7a1a79"
        },
        {
          "type": "cssRules",
          "assetId": "huz2MWCMkl",
          "checksum": "ec7796982cdfb164f080eea83f7a1a79"
        },
        {
          "type": "icon",
          "assetId": "BCLsrBzeZvM",
          "checksum": "94e172167dffd66b8621f2f70811e6a7"
        },
        {
          "type": "icon",
          "assetId": "fX0b9u0xza_",
          "checksum": "93073c2192e191c7cf87dc7d03a2e68b"
        },
        {
          "type": "icon",
          "assetId": "SHvI_iX6hTI",
          "checksum": "de4970002a10c329fc01fdfe93dcc562"
        },
        {
          "type": "icon",
          "assetId": "Ln6wV_dJUH5",
          "checksum": "5d74f5afbf6131f268aae488950aa01b"
        },
        {
          "type": "icon",
          "assetId": "Gulfm4W8Nt1",
          "checksum": "5f1d8e9108fcc00a16672b5e5df2df12"
        },
        {
          "type": "icon",
          "assetId": "pREUX3QCCmD",
          "checksum": "1b034d0a580722edbf5a0a0d484916a3"
        },
        {
          "type": "icon",
          "assetId": "isKA4maiwY3",
          "checksum": "d704a9694c15f170defc50f7c86233ee"
        },
        {
          "type": "icon",
          "assetId": "fWWsDPaApkF",
          "checksum": "7b2e1378f35cf67d57eb2ce7db724117"
        },
        {
          "type": "icon",
          "assetId": "C5qd5pvu0XR",
          "checksum": "d4807f15b2fd0d16c97974d7f1e949ca"
        },
        {
          "type": "icon",
          "assetId": "xch7StOAl0E",
          "checksum": "e055d23bf6f1fcb48a1ec91eb21b8176"
        },
        {
          "type": "icon",
          "assetId": "2MO7iRPjvfq",
          "checksum": "c4ec9382e69907eda025ef8de0e885f2"
        },
        {
          "type": "icon",
          "assetId": "tdL4ef5Dcjp",
          "checksum": "53d9e4de42dc438d0710f5bb01d2918b"
        },
        {
          "type": "icon",
          "assetId": "HPdJs1Vtsd9",
          "checksum": "157599c383a9d08f35f40f8a46b5d42c"
        },
        {
          "type": "icon",
          "assetId": "nKZ6r_sS-_v",
          "checksum": "35c1f6a1ad539fc0024494c5986263c1"
        },
        {
          "type": "icon",
          "assetId": "UqlmR-6gBoa",
          "checksum": "0b39a2158c2f613151e5e69c01b76e93"
        },
        {
          "type": "icon",
          "assetId": "KZPEcpRjg5",
          "checksum": "e6c349c122f3af1e7604a69008c132fe"
        },
        {
          "type": "icon",
          "assetId": "hn4ytj3xmV",
          "checksum": "34a77560a39a9d85f4e7099c05c6fa6c"
        },
        {
          "type": "icon",
          "assetId": "6lXZjnN056I",
          "checksum": "2f1ef9e989d2eb66b12f6b899d2c91c1"
        },
        {
          "type": "icon",
          "assetId": "f0h19OJmHuo",
          "checksum": "8d369c19d586de8bac0e85eb9c68a036"
        },
        {
          "type": "icon",
          "assetId": "BZJenjoD97k",
          "checksum": "0f33d0157d36f6feace3ff65bf12eb1e"
        },
        {
          "type": "icon",
          "assetId": "v3vvxFarj8Z",
          "checksum": "e84837b2425e6378026547262ee104ed"
        },
        {
          "type": "icon",
          "assetId": "OU2uWDuvzUE",
          "checksum": "bdd6aa17d9eb5f4ca7a4c3158de47623"
        },
        {
          "type": "icon",
          "assetId": "OPWFGmTytKN",
          "checksum": "767ccad15ed4035957dc979d35bb1d39"
        },
        {
          "type": "icon",
          "assetId": "oKGzJDDUCeo",
          "checksum": "fa3f77e388a5a285fc83c6d159268876"
        },
        {
          "type": "icon",
          "assetId": "LkZYE7mSYAp",
          "checksum": "fc8eff056bf9157df13fda17d1430319"
        },
        {
          "type": "icon",
          "assetId": "ejRCOTI-0KU",
          "checksum": "0cd9d1576f86bfc44e6d452941dfd5f8"
        },
        {
          "type": "icon",
          "assetId": "6TOfmFH3Nlm",
          "checksum": "35a8866bd5b09b1cfb2e2d81d73d7950"
        },
        {
          "type": "icon",
          "assetId": "ooIVdkKVd2-",
          "checksum": "601a8aea6baa6a06774271f3af5d1026"
        },
        {
          "type": "icon",
          "assetId": "WiK6eUeHPZd",
          "checksum": "c8540ff7aa806450474428306f2c5a02"
        },
        {
          "type": "icon",
          "assetId": "92gQQWYnrMd",
          "checksum": "21f46ab719c1e6261ee331e549340f16"
        },
        {
          "type": "icon",
          "assetId": "dw4G4DntpRh",
          "checksum": "9aaba1f752bdd2f53d277211d3b3184a"
        },
        {
          "type": "icon",
          "assetId": "HTBUJXHYKYe",
          "checksum": "502974709a48645f6a5ccdf9ed416203"
        },
        {
          "type": "icon",
          "assetId": "PfwjAwWgr3V",
          "checksum": "26434aa699f72b9dc9ffff7062ebc2a9"
        },
        {
          "type": "icon",
          "assetId": "eCkIawq_YyN",
          "checksum": "90d8f4bcbf303bf8390a3f3035acf364"
        },
        {
          "type": "icon",
          "assetId": "0b29cJ07pCB",
          "checksum": "fd380ef5a515f7dc7a1dfc9eaf2369fa"
        },
        {
          "type": "icon",
          "assetId": "3_9lVH4W-gB",
          "checksum": "d9475c7a9046cb1462f3fb753d3e9564"
        },
        {
          "type": "icon",
          "assetId": "WfCBuHomEbl",
          "checksum": "225f4741a603669b02f1662258232181"
        },
        {
          "type": "icon",
          "assetId": "rNkEj5El8le",
          "checksum": "300909163220ea90fea3747bbc3004cb"
        },
        {
          "type": "icon",
          "assetId": "VrY_maCnkUp",
          "checksum": "16011a31d4ee47424df8e781276b7678"
        },
        {
          "type": "icon",
          "assetId": "fbQQp-uDD4k",
          "checksum": "5e9c77f93eed1499e27998fb607b944f"
        },
        {
          "type": "icon",
          "assetId": "NqGIlTQbGlG",
          "checksum": "39935b0e7846648bbdfb8428cf64a47c"
        },
        {
          "type": "icon",
          "assetId": "vCOCfX9OCje",
          "checksum": "d0bc18a2d87174449487954c77396aa0"
        },
        {
          "type": "icon",
          "assetId": "7rIpj32fE-E",
          "checksum": "0d72ea08891c30043d8d84fef26364a3"
        },
        {
          "type": "icon",
          "assetId": "IqMQf1hHw5E",
          "checksum": "3ce9ca088733b9d9c487806260f7d2d6"
        },
        {
          "type": "icon",
          "assetId": "kZJGH1ECspN",
          "checksum": "3973fc5c898e39ad93815487bb0d3c5f"
        },
        {
          "type": "icon",
          "assetId": "4BiNbS3YkDb",
          "checksum": "1644995bf54feaba7d79cc11aa4c9719"
        },
        {
          "type": "icon",
          "assetId": "l13iHQ88w0x",
          "checksum": "91f7297312d37b942afbac41ea9b184f"
        },
        {
          "type": "icon",
          "assetId": "yVxp3KaXpc6",
          "checksum": "3e13e05b555b097536f6f4f7628c503e"
        },
        {
          "type": "icon",
          "assetId": "g0VFoO36suq",
          "checksum": "1e3671186b201ad493f62292c6e639a3"
        },
        {
          "type": "icon",
          "assetId": "6hOi27MT9",
          "checksum": "e885ca1aae43d5477516b481c83701bc"
        },
        {
          "type": "icon",
          "assetId": "DfZ1E9GZgA",
          "checksum": "155f5a9901857adeed2b2a91c7080791"
        },
        {
          "type": "icon",
          "assetId": "FVG-hjgKZM",
          "checksum": "e7b04942622975a080efcc9ebc357b64"
        },
        {
          "type": "icon",
          "assetId": "vtjCJjCjom",
          "checksum": "056760422a84d8e5d47cc221007d9a82"
        },
        {
          "type": "icon",
          "assetId": "NAl12LkYIE",
          "checksum": "69331b6e46d6e7dfb8010f0d81fb146f"
        },
        {
          "type": "icon",
          "assetId": "W2AyXRDogF",
          "checksum": "a5be36125181cfd0b0ef44ef2ba4647f"
        },
        {
          "type": "icon",
          "assetId": "ev7gqonaJaE",
          "checksum": "7ccafda29abbadde7714830c1fc0ad4e"
        },
        {
          "type": "icon",
          "assetId": "9a_jAlAFSx9",
          "checksum": "b8f002831add54b33669ff3cab7a28db"
        },
        {
          "type": "icon",
          "assetId": "WNEsyatAguF",
          "checksum": "7a9e6b5e05eabdeeda0cdcda834044f1"
        },
        {
          "type": "icon",
          "assetId": "tmLSPw6dRc2",
          "checksum": "deca98234274c9f9e2d84e8091151c7a"
        },
        {
          "type": "icon",
          "assetId": "S3tmpz9asXL",
          "checksum": "9a73bfce72427daa099307dbfff5510d"
        },
        {
          "type": "icon",
          "assetId": "fUXJN7NfR_j",
          "checksum": "2773d7fb9f05a5e512ccacac49035803"
        },
        {
          "type": "icon",
          "assetId": "6JEvgfTFtzK",
          "checksum": "3c0a8ac9be2b001e296846cd73966a71"
        },
        {
          "type": "icon",
          "assetId": "C4WlXZU6d8R",
          "checksum": "24e0c323d3de0c79b7b6b4dd1a1516dc"
        },
        {
          "type": "icon",
          "assetId": "YVR9Tw_D9dl",
          "checksum": "60b37b3f9cc9dabb79973c7eaf362f30"
        },
        {
          "type": "icon",
          "assetId": "5WPMxMv-EyY",
          "checksum": "b7aa053fe06f6547bb33fbe41ff7176d"
        },
        {
          "type": "icon",
          "assetId": "HYwBOolWJNR",
          "checksum": "d96d1def1fb4ab9082ca02cca1e43374"
        },
        {
          "type": "icon",
          "assetId": "WUXvrsQufDn",
          "checksum": "e3bc5e918d837cfc9867ff3ed634cfbf"
        },
        {
          "type": "icon",
          "assetId": "Z2fTO2GLt6J",
          "checksum": "35dd498745cc3ec64abbc6f2ae89cd14"
        },
        {
          "type": "icon",
          "assetId": "7h4WI1gzAaC",
          "checksum": "2a47f0a135592f9ebaeb13c7b2ff7804"
        },
        {
          "type": "icon",
          "assetId": "AuxTSKbPJsV",
          "checksum": "44ef241cad6448df81004a917336bead"
        },
        {
          "type": "icon",
          "assetId": "51c-KPNUYnK",
          "checksum": "efafc8292bbab35cafba15dd63588015"
        },
        {
          "type": "icon",
          "assetId": "HRV2NjhKMnZ",
          "checksum": "2ef4a1fbc0dbc345145b1e9fb6d07414"
        },
        {
          "type": "icon",
          "assetId": "wNSugFACwvt",
          "checksum": "93898671f3702e8bd5152b10687b0621"
        },
        {
          "type": "icon",
          "assetId": "yCZOnkk8e9G",
          "checksum": "75722613ddd93d062e1941177cedd036"
        },
        {
          "type": "icon",
          "assetId": "6R9nuuEAebI",
          "checksum": "98c67d37d21c20cf23c19e55c37d796c"
        },
        {
          "type": "icon",
          "assetId": "KRQU5ktyQI7",
          "checksum": "d0dc49ccf748e0be86a2f755b910bbd8"
        },
        {
          "type": "icon",
          "assetId": "JplkiPEYhJB",
          "checksum": "4db4cc79e3f75954b1f20cf1f763d9b3"
        },
        {
          "type": "icon",
          "assetId": "RXBovpp86aC",
          "checksum": "29bc679be674b9a14a63c83e85b04dc1"
        },
        {
          "type": "icon",
          "assetId": "kPVPTvQJzby",
          "checksum": "f5bfe35d565d9180bedaa773eb8570c7"
        },
        {
          "type": "icon",
          "assetId": "5qe1jsMy9OV",
          "checksum": "5900f8daf72f3498bbc82a8b7c04a1bc"
        },
        {
          "type": "icon",
          "assetId": "2z1QoYNiUhy",
          "checksum": "55eed4057934640763510d912d034d11"
        },
        {
          "type": "icon",
          "assetId": "XtynCvPdbkK",
          "checksum": "6fefe3096448f4e2bdfd31913949f900"
        },
        {
          "type": "icon",
          "assetId": "r4w-6gzO4o5",
          "checksum": "a56157df556c1e091bc451a23bd6f1f7"
        },
        {
          "type": "icon",
          "assetId": "cpRlXFgtx2P",
          "checksum": "f417f2136ec7936f398a51ae6882dc25"
        },
        {
          "type": "icon",
          "assetId": "wLyZiVdnO-",
          "checksum": "6babfd3c5f54ebe35bdac807af915808"
        },
        {
          "type": "icon",
          "assetId": "LyuR1i90j7G",
          "checksum": "c769b794dea528d17ae7751b3db2dad5"
        },
        {
          "type": "icon",
          "assetId": "eIXso2ENb_T",
          "checksum": "2adad200577d09c7d1bf31f5bf274277"
        },
        {
          "type": "image",
          "assetId": "9khii6hPr",
          "checksum": "235e86f4f0b9b76a3b9ae5caeb60cb8a"
        },
        {
          "type": "image",
          "assetId": "BsMDcVm9q-",
          "checksum": "804db9feef90176523415370783d3631"
        },
        {
          "type": "image",
          "assetId": "FB0f82FF85",
          "checksum": "0d6fa98869a9d04a0a5d1160a2180294"
        },
        {
          "type": "image",
          "assetId": "aDVGFU83JK",
          "checksum": "e311997437bf5fae4ef707135722592a"
        },
        {
          "type": "image",
          "assetId": "z_4yPLaRUV",
          "checksum": "565b63ac693ae6a5430cb18e3a3aef61"
        }
      ]
    }
  ],
  "cliVersion": "0.1.135"
}
